
Microsoft Visual Studio Solution File, Format Version 12.00
# Visual Studio Version 17
VisualStudioVersion = 17.1.32228.430
MinimumVisualStudioVersion = 10.0.40219.1
Project("{FAE04EC0-301F-11D3-BF4B-00C04F79EFBC}") = "Avtor", "Avtor\Avtor.csproj", "{671C6D27-BC5E-4579-A7D6-EAC4F8DE7CEB}"
EndProject
Global
	GlobalSection(SolutionConfigurationPlatforms) = preSolution
		Debug|Any CPU = Debug|Any CPU
		Release|Any CPU = Release|Any CPU
	EndGlobalSection
	GlobalSection(ProjectConfigurationPlatforms) = postSolution
		{671C6D27-BC5E-4579-A7D6-EAC4F8DE7CEB}.Debug|Any CPU.ActiveCfg = Debug|Any CPU
		{671C6D27-BC5E-4579-A7D6-EAC4F8DE7CEB}.Debug|Any CPU.Build.0 = Debug|Any CPU
		{671C6D27-BC5E-4579-A7D6-EAC4F8DE7CEB}.Release|Any CPU.ActiveCfg = Release|Any CPU
		{671C6D27-BC5E-4579-A7D6-EAC4F8DE7CEB}.Release|Any CPU.Build.0 = Release|Any CPU
	EndGlobalSection
	GlobalSection(SolutionProperties) = preSolution
		HideSolutionNode = FALSE
	EndGlobalSection
	GlobalSection(ExtensibilityGlobals) = postSolution
		SolutionGuid = {EBE61577-A15E-4EAB-94A6-090658F63BDF}
	EndGlobalSection
EndGlobal
